
Microsoft Visual Studio Solution File, Format Version 12.00
# Visual Studio Version 16
VisualStudioVersion = 16.0.31424.327
MinimumVisualStudioVersion = 10.0.40219.1
Project("{FAE04EC0-301F-11D3-BF4B-00C04F79EFBC}") = "Week5.ProvaFinale", "Week5.ProvaFinale\Week5.ProvaFinale.csproj", "{45E954A6-416F-4284-B874-52DC9901C8BD}"
EndProject
Global
	GlobalSection(SolutionConfigurationPlatforms) = preSolution
		Debug|Any CPU = Debug|Any CPU
		Release|Any CPU = Release|Any CPU
	EndGlobalSection
	GlobalSection(ProjectConfigurationPlatforms) = postSolution
		{45E954A6-416F-4284-B874-52DC9901C8BD}.Debug|Any CPU.ActiveCfg = Debug|Any CPU
		{45E954A6-416F-4284-B874-52DC9901C8BD}.Debug|Any CPU.Build.0 = Debug|Any CPU
		{45E954A6-416F-4284-B874-52DC9901C8BD}.Release|Any CPU.ActiveCfg = Release|Any CPU
		{45E954A6-416F-4284-B874-52DC9901C8BD}.Release|Any CPU.Build.0 = Release|Any CPU
	EndGlobalSection
	GlobalSection(SolutionProperties) = preSolution
		HideSolutionNode = FALSE
	EndGlobalSection
	GlobalSection(ExtensibilityGlobals) = postSolution
		SolutionGuid = {44B65330-4E63-41D2-938F-AC14BB8F54BB}
	EndGlobalSection
EndGlobal
